
Microsoft Visual Studio Solution File, Format Version 12.00
# Visual Studio 15
VisualStudioVersion = 15.0.28307.329
MinimumVisualStudioVersion = 10.0.40219.1
Project("{9A19103F-16F7-4668-BE54-9A1E7A4F7556}") = "NWrath.Logging.AspNetCore", "NWrath.Logging.AspNetCore\NWrath.Logging.AspNetCore.csproj", "{750D2618-0223-4F4E-B7BF-9A38313CEDB7}"
EndProject
Project("{9A19103F-16F7-4668-BE54-9A1E7A4F7556}") = "WebApplication1", "..\..\..\NWrath.Logging.AspNetCore\WebApplication1\WebApplication1.csproj", "{762570BE-B811-4B49-A187-34FAE9B76571}"
EndProject
Global
	GlobalSection(SolutionConfigurationPlatforms) = preSolution
		Debug|Any CPU = Debug|Any CPU
		Release|Any CPU = Release|Any CPU
	EndGlobalSection
	GlobalSection(ProjectConfigurationPlatforms) = postSolution
		{750D2618-0223-4F4E-B7BF-9A38313CEDB7}.Debug|Any CPU.ActiveCfg = Debug|Any CPU
		{750D2618-0223-4F4E-B7BF-9A38313CEDB7}.Debug|Any CPU.Build.0 = Debug|Any CPU
		{750D2618-0223-4F4E-B7BF-9A38313CEDB7}.Release|Any CPU.ActiveCfg = Release|Any CPU
		{750D2618-0223-4F4E-B7BF-9A38313CEDB7}.Release|Any CPU.Build.0 = Release|Any CPU
		{762570BE-B811-4B49-A187-34FAE9B76571}.Debug|Any CPU.ActiveCfg = Debug|Any CPU
		{762570BE-B811-4B49-A187-34FAE9B76571}.Debug|Any CPU.Build.0 = Debug|Any CPU
		{762570BE-B811-4B49-A187-34FAE9B76571}.Release|Any CPU.ActiveCfg = Release|Any CPU
		{762570BE-B811-4B49-A187-34FAE9B76571}.Release|Any CPU.Build.0 = Release|Any CPU
	EndGlobalSection
	GlobalSection(SolutionProperties) = preSolution
		HideSolutionNode = FALSE
	EndGlobalSection
	GlobalSection(ExtensibilityGlobals) = postSolution
		SolutionGuid = {A21A7FB8-0103-4C19-B490-A33F9135D22F}
	EndGlobalSection
EndGlobal
